// !$*UTF8*$!
{
	archiveVersion = 1;
	classes = {
	};
	objectVersion = 56;
	objects = {

/* Begin PBXBuildFile section */
		BD2E4C912A44856300148ACE /* projectOneApp.swift in Sources */ = {isa = PBXBuildFile; fileRef = BD2E4C902A44856300148ACE /* projectOneApp.swift */; };
		BD2E4C932A44856300148ACE /* ContentView.swift in Sources */ = {isa = PBXBuildFile; fileRef = BD2E4C922A44856300148ACE /* ContentView.swift */; };
		BD2E4C952A44856400148ACE /* Assets.xcassets in Resources */ = {isa = PBXBuildFile; fileRef = BD2E4C942A44856400148ACE /* Assets.xcassets */; };
		BD2E4C982A44856400148ACE /* Preview Assets.xcassets in Resources */ = {isa = PBXBuildFile; fileRef = BD2E4C972A44856400148ACE /* Preview Assets.xcassets */; };
		BD2E4CA22A44856400148ACE /* projectOneTests.swift in Sources */ = {isa = PBXBuildFile; fileRef = BD2E4CA12A44856400148ACE /* projectOneTests.swift */; };
		BD2E4CAC2A44856400148ACE /* projectOneUITests.swift in Sources */ = {isa = PBXBuildFile; fileRef = BD2E4CAB2A44856400148ACE /* projectOneUITests.swift */; };
		BD2E4CAE2A44856400148ACE /* projectOneUITestsLaunchTests.swift in Sources */ = {isa = PBXBuildFile; fileRef = BD2E4CAD2A44856400148ACE /* projectOneUITestsLaunchTests.swift */; };
/* End PBXBuildFile section */

/* Begin PBXContainerItemProxy section */
		BD2E4C9E2A44856400148ACE /* PBXContainerItemProxy */ = {
			isa = PBXContainerItemProxy;
			containerPortal = BD2E4C852A44856300148ACE /* Project object */;
			proxyType = 1;
			remoteGlobalIDString = BD2E4C8C2A44856300148ACE;
			remoteInfo = projectOne;
		};
		BD2E4CA82A44856400148ACE /* PBXContainerItemProxy */ = {
			isa = PBXContainerItemProxy;
			containerPortal = BD2E4C852A44856300148ACE /* Project object */;
			proxyType = 1;
			remoteGlobalIDString = BD2E4C8C2A44856300148ACE;
			remoteInfo = projectOne;
		};
/* End PBXContainerItemProxy section */

/* Begin PBXFileReference section */
		BD2E4C8D2A44856300148ACE /* projectOne.app */ = {isa = PBXFileReference; explicitFileType = wrapper.application; includeInIndex = 0; path = projectOne.app; sourceTree = BUILT_PRODUCTS_DIR; };
		BD2E4C902A44856300148ACE /* projectOneApp.swift */ = {isa = PBXFileReference; lastKnownFileType = sourcecode.swift; path = projectOneApp.swift; sourceTree = "<group>"; };
		BD2E4C922A44856300148ACE /* ContentView.swift */ = {isa = PBXFileReference; lastKnownFileType = sourcecode.swift; path = ContentView.swift; sourceTree = "<group>"; };
		BD2E4C942A44856400148ACE /* Assets.xcassets */ = {isa = PBXFileReference; lastKnownFileType = folder.assetcatalog; path = Assets.xcassets; sourceTree = "<group>"; };
		BD2E4C972A44856400148ACE /* Preview Assets.xcassets */ = {isa = PBXFileReference; lastKnownFileType = folder.assetcatalog; path = "Preview Assets.xcassets"; sourceTree = "<group>"; };
		BD2E4C9D2A44856400148ACE /* projectOneTests.xctest */ = {isa = PBXFileReference; explicitFileType = wrapper.cfbundle; includeInIndex = 0; path = projectOneTests.xctest; sourceTree = BUILT_PRODUCTS_DIR; };
		BD2E4CA12A44856400148ACE /* projectOneTests.swift */ = {isa = PBXFileReference; lastKnownFileType = sourcecode.swift; path = projectOneTests.swift; sourceTree = "<group>"; };
		BD2E4CA72A44856400148ACE /* projectOneUITests.xctest */ = {isa = PBXFileReference; explicitFileType = wrapper.cfbundle; includeInIndex = 0; path = projectOneUITests.xctest; sourceTree = BUILT_PRODUCTS_DIR; };
		BD2E4CAB2A44856400148ACE /* projectOneUITests.swift */ = {isa = PBXFileReference; lastKnownFileType = sourcecode.swift; path = projectOneUITests.swift; sourceTree = "<group>"; };
		BD2E4CAD2A44856400148ACE /* projectOneUITestsLaunchTests.swift */ = {isa = PBXFileReference; lastKnownFileType = sourcecode.swift; path = projectOneUITestsLaunchTests.swift; sourceTree = "<group>"; };
/* End PBXFileReference section */

/* Begin PBXFrameworksBuildPhase section */
		BD2E4C8A2A44856300148ACE /* Frameworks */ = {
			isa = PBXFrameworksBuildPhase;
			buildActionMask = 2147483647;
			files = (
			);
			runOnlyForDeploymentPostprocessing = 0;
		};
		BD2E4C9A2A44856400148ACE /* Frameworks */ = {
			isa = PBXFrameworksBuildPhase;
			buildActionMask = 2147483647;
			files = (
			);
			runOnlyForDeploymentPostprocessing = 0;
		};
		BD2E4CA42A44856400148ACE /* Frameworks */ = {
			isa = PBXFrameworksBuildPhase;
			buildActionMask = 2147483647;
			files = (
			);
			runOnlyForDeploymentPostprocessing = 0;
		};
/* End PBXFrameworksBuildPhase section */

/* Begin PBXGroup section */
		BD2E4C842A44856300148ACE = {
			isa = PBXGroup;
			children = (
				BD2E4C8F2A44856300148ACE /* projectOne */,
				BD2E4CA02A44856400148ACE /* projectOneTests */,
				BD2E4CAA2A44856400148ACE /* projectOneUITests */,
				BD2E4C8E2A44856300148ACE /* Products */,
			);
			sourceTree = "<group>";
		};
		BD2E4C8E2A44856300148ACE /* Products */ = {
			isa = PBXGroup;
			children = (
				BD2E4C8D2A44856300148ACE /* projectOne.app */,
				BD2E4C9D2A44856400148ACE /* projectOneTests.xctest */,
				BD2E4CA72A44856400148ACE /* projectOneUITests.xctest */,
			);
			name = Products;
			sourceTree = "<group>";
		};
		BD2E4C8F2A44856300148ACE /* projectOne */ = {
			isa = PBXGroup;
			children = (
				BD2E4C902A44856300148ACE /* projectOneApp.swift */,
				BD2E4C942A44856400148ACE /* Assets.xcassets */,
				BD2E4C962A44856400148ACE /* Preview Content */,
			);
			path = projectOne;
			sourceTree = "<group>";
		};
		BD2E4C962A44856400148ACE /* Preview Content */ = {
			isa = PBXGroup;
			children = (
				BD2E4C922A44856300148ACE /* ContentView.swift */,
				BD2E4C972A44856400148ACE /* Preview Assets.xcassets */,
			);
			path = "Preview Content";
			sourceTree = "<group>";
		};
		BD2E4CA02A44856400148ACE /* projectOneTests */ = {
			isa = PBXGroup;
			children = (
				BD2E4CA12A44856400148ACE /* projectOneTests.swift */,
			);
			path = projectOneTests;
			sourceTree = "<group>";
		};
		BD2E4CAA2A44856400148ACE /* projectOneUITests */ = {
			isa = PBXGroup;
			children = (
				BD2E4CAB2A44856400148ACE /* projectOneUITests.swift */,
				BD2E4CAD2A44856400148ACE /* projectOneUITestsLaunchTests.swift */,
			);
			path = projectOneUITests;
			sourceTree = "<group>";
		};
/* End PBXGroup section */

/* Begin PBXNativeTarget section */
		BD2E4C8C2A44856300148ACE /* projectOne */ = {
			isa = PBXNativeTarget;
			buildConfigurationList = BD2E4CB12A44856400148ACE /* Build configuration list for PBXNativeTarget "projectOne" */;
			buildPhases = (
				BD2E4C892A44856300148ACE /* Sources */,
				BD2E4C8A2A44856300148ACE /* Frameworks */,
				BD2E4C8B2A44856300148ACE /* Resources */,
			);
			buildRules = (
			);
			dependencies = (
			);
			name = projectOne;
			productName = projectOne;
			productReference = BD2E4C8D2A44856300148ACE /* projectOne.app */;
			productType = "com.apple.product-type.application";
		};
		BD2E4C9C2A44856400148ACE /* projectOneTests */ = {
			isa = PBXNativeTarget;
			buildConfigurationList = BD2E4CB42A44856400148ACE /* Build configuration list for PBXNativeTarget "projectOneTests" */;
			buildPhases = (
				BD2E4C992A44856400148ACE /* Sources */,
				BD2E4C9A2A44856400148ACE /* Frameworks */,
				BD2E4C9B2A44856400148ACE /* Resources */,
			);
			buildRules = (
			);
			dependencies = (
				BD2E4C9F2A44856400148ACE /* PBXTargetDependency */,
			);
			name = projectOneTests;
			productName = projectOneTests;
			productReference = BD2E4C9D2A44856400148ACE /* projectOneTests.xctest */;
			productType = "com.apple.product-type.bundle.unit-test";
		};
		BD2E4CA62A44856400148ACE /* projectOneUITests */ = {
			isa = PBXNativeTarget;
			buildConfigurationList = BD2E4CB72A44856400148ACE /* Build configuration list for PBXNativeTarget "projectOneUITests" */;
			buildPhases = (
				BD2E4CA32A44856400148ACE /* Sources */,
				BD2E4CA42A44856400148ACE /* Frameworks */,
				BD2E4CA52A44856400148ACE /* Resources */,
			);
			buildRules = (
			);
			dependencies = (
				BD2E4CA92A44856400148ACE /* PBXTargetDependency */,
			);
			name = projectOneUITests;
			productName = projectOneUITests;
			productReference = BD2E4CA72A44856400148ACE /* projectOneUITests.xctest */;
			productType = "com.apple.product-type.bundle.ui-testing";
		};
/* End PBXNativeTarget section */

/* Begin PBXProject section */
		BD2E4C852A44856300148ACE /* Project object */ = {
			isa = PBXProject;
			attributes = {
				BuildIndependentTargetsInParallel = 1;
				LastSwiftUpdateCheck = 1430;
				LastUpgradeCheck = 1430;
				TargetAttributes = {
					BD2E4C8C2A44856300148ACE = {
						CreatedOnToolsVersion = 14.3.1;
					};
					BD2E4C9C2A44856400148ACE = {
						CreatedOnToolsVersion = 14.3.1;
						TestTargetID = BD2E4C8C2A44856300148ACE;
					};
					BD2E4CA62A44856400148ACE = {
						CreatedOnToolsVersion = 14.3.1;
						TestTargetID = BD2E4C8C2A44856300148ACE;
					};
				};
			};
			buildConfigurationList = BD2E4C882A44856300148ACE /* Build configuration list for PBXProject "projectOne" */;
			compatibilityVersion = "Xcode 14.0";
			developmentRegion = en;
			hasScannedForEncodings = 0;
			knownRegions = (
				en,
				Base,
			);
			mainGroup = BD2E4C842A44856300148ACE;
			productRefGroup = BD2E4C8E2A44856300148ACE /* Products */;
			projectDirPath = "";
			projectRoot = "";
			targets = (
				BD2E4C8C2A44856300148ACE /* projectOne */,
				BD2E4C9C2A44856400148ACE /* projectOneTests */,
				BD2E4CA62A44856400148ACE /* projectOneUITests */,
			);
		};
/* End PBXProject section */

/* Begin PBXResourcesBuildPhase section */
		BD2E4C8B2A44856300148ACE /* Resources */ = {
			isa = PBXResourcesBuildPhase;
			buildActionMask = 2147483647;
			files = (
				BD2E4C982A44856400148ACE /* Preview Assets.xcassets in Resources */,
				BD2E4C952A44856400148ACE /* Assets.xcassets in Resources */,
			);
			runOnlyForDeploymentPostprocessing = 0;
		};
		BD2E4C9B2A44856400148ACE /* Resources */ = {
			isa = PBXResourcesBuildPhase;
			buildActionMask = 2147483647;
			files = (
			);
			runOnlyForDeploymentPostprocessing = 0;
		};
		BD2E4CA52A44856400148ACE /* Resources */ = {
			isa = PBXResourcesBuildPhase;
			buildActionMask = 2147483647;
			files = (
			);
			runOnlyForDeploymentPostprocessing = 0;
		};
/* End PBXResourcesBuildPhase section */

/* Begin PBXSourcesBuildPhase section */
		BD2E4C892A44856300148ACE /* Sources */ = {
			isa = PBXSourcesBuildPhase;
			buildActionMask = 2147483647;
			files = (
				BD2E4C932A44856300148ACE /* ContentView.swift in Sources */,
				BD2E4C912A44856300148ACE /* projectOneApp.swift in Sources */,
			);
			runOnlyForDeploymentPostprocessing = 0;
		};
		BD2E4C992A44856400148ACE /* Sources */ = {
			isa = PBXSourcesBuildPhase;
			buildActionMask = 2147483647;
			files = (
				BD2E4CA22A44856400148ACE /* projectOneTests.swift in Sources */,
			);
			runOnlyForDeploymentPostprocessing = 0;
		};
		BD2E4CA32A44856400148ACE /* Sources */ = {
			isa = PBXSourcesBuildPhase;
			buildActionMask = 2147483647;
			files = (
				BD2E4CAC2A44856400148ACE /* projectOneUITests.swift in Sources */,
				BD2E4CAE2A44856400148ACE /* projectOneUITestsLaunchTests.swift in Sources */,
			);
			runOnlyForDeploymentPostprocessing = 0;
		};
/* End PBXSourcesBuildPhase section */

/* Begin PBXTargetDependency section */
		BD2E4C9F2A44856400148ACE /* PBXTargetDependency */ = {
			isa = PBXTargetDependency;
			target = BD2E4C8C2A44856300148ACE /* projectOne */;
			targetProxy = BD2E4C9E2A44856400148ACE /* PBXContainerItemProxy */;
		};
		BD2E4CA92A44856400148ACE /* PBXTargetDependency */ = {
			isa = PBXTargetDependency;
			target = BD2E4C8C2A44856300148ACE /* projectOne */;
			targetProxy = BD2E4CA82A44856400148ACE /* PBXContainerItemProxy */;
		};
/* End PBXTargetDependency section */

/* Begin XCBuildConfiguration section */
		BD2E4CAF2A44856400148ACE /* Debug */ = {
			isa = XCBuildConfiguration;
			buildSettings = {
				ALWAYS_SEARCH_USER_PATHS = NO;
				CLANG_ANALYZER_NONNULL = YES;
				CLANG_ANALYZER_NUMBER_OBJECT_CONVERSION = YES_AGGRESSIVE;
				CLANG_CXX_LANGUAGE_STANDARD = "gnu++20";
				CLANG_ENABLE_MODULES = YES;
				CLANG_ENABLE_OBJC_ARC = YES;
				CLANG_ENABLE_OBJC_WEAK = YES;
				CLANG_WARN_BLOCK_CAPTURE_AUTORELEASING = YES;
				CLANG_WARN_BOOL_CONVERSION = YES;
				CLANG_WARN_COMMA = YES;
				CLANG_WARN_CONSTANT_CONVERSION = YES;
				CLANG_WARN_DEPRECATED_OBJC_IMPLEMENTATIONS = YES;
				CLANG_WARN_DIRECT_OBJC_ISA_USAGE = YES_ERROR;
				CLANG_WARN_DOCUMENTATION_COMMENTS = YES;
				CLANG_WARN_EMPTY_BODY = YES;
				CLANG_WARN_ENUM_CONVERSION = YES;
				CLANG_WARN_INFINITE_RECURSION = YES;
				CLANG_WARN_INT_CONVERSION = YES;
				CLANG_WARN_NON_LITERAL_NULL_CONVERSION = YES;
				CLANG_WARN_OBJC_IMPLICIT_RETAIN_SELF = YES;
				CLANG_WARN_OBJC_LITERAL_CONVERSION = YES;
				CLANG_WARN_OBJC_ROOT_CLASS = YES_ERROR;
				CLANG_WARN_QUOTED_INCLUDE_IN_FRAMEWORK_HEADER = YES;
				CLANG_WARN_RANGE_LOOP_ANALYSIS = YES;
				CLANG_WARN_STRICT_PROTOTYPES = YES;
				CLANG_WARN_SUSPICIOUS_MOVE = YES;
				CLANG_WARN_UNGUARDED_AVAILABILITY = YES_AGGRESSIVE;
				CLANG_WARN_UNREACHABLE_CODE = YES;
				CLANG_WARN__DUPLICATE_METHOD_MATCH = YES;
				COPY_PHASE_STRIP = NO;
				DEBUG_INFORMATION_FORMAT = dwarf;
				ENABLE_STRICT_OBJC_MSGSEND = YES;
				ENABLE_TESTABILITY = YES;
				GCC_C_LANGUAGE_STANDARD = gnu11;
				GCC_DYNAMIC_NO_PIC = NO;
				GCC_NO_COMMON_BLOCKS = YES;
				GCC_OPTIMIZATION_LEVEL = 0;
				GCC_PREPROCESSOR_DEFINITIONS = (
					"DEBUG=1",
					"$(inherited)",
				);
				GCC_WARN_64_TO_32_BIT_CONVERSION = YES;
				GCC_WARN_ABOUT_RETURN_TYPE = YES_ERROR;
				GCC_WARN_UNDECLARED_SELECTOR = YES;
				GCC_WARN_UNINITIALIZED_AUTOS = YES_AGGRESSIVE;
				GCC_WARN_UNUSED_FUNCTION = YES;
				GCC_WARN_UNUSED_VARIABLE = YES;
				IPHONEOS_DEPLOYMENT_TARGET = 16.4;
				MTL_ENABLE_DEBUG_INFO = INCLUDE_SOURCE;
				MTL_FAST_MATH = YES;
				ONLY_ACTIVE_ARCH = YES;
				SDKROOT = iphoneos;
				SWIFT_ACTIVE_COMPILATION_CONDITIONS = DEBUG;
				SWIFT_OPTIMIZATION_LEVEL = "-Onone";
			};
			name = Debug;
		};
		BD2E4CB02A44856400148ACE /* Release */ = {
			isa = XCBuildConfiguration;
			buildSettings = {
				ALWAYS_SEARCH_USER_PATHS = NO;
				CLANG_ANALYZER_NONNULL = YES;
				CLANG_ANALYZER_NUMBER_OBJECT_CONVERSION = YES_AGGRESSIVE;
				CLANG_CXX_LANGUAGE_STANDARD = "gnu++20";
				CLANG_ENABLE_MODULES = YES;
				CLANG_ENABLE_OBJC_ARC = YES;
				CLANG_ENABLE_OBJC_WEAK = YES;
				CLANG_WARN_BLOCK_CAPTURE_AUTORELEASING = YES;
				CLANG_WARN_BOOL_CONVERSION = YES;
				CLANG_WARN_COMMA = YES;
				CLANG_WARN_CONSTANT_CONVERSION = YES;
				CLANG_WARN_DEPRECATED_OBJC_IMPLEMENTATIONS = YES;
				CLANG_WARN_DIRECT_OBJC_ISA_USAGE = YES_ERROR;
				CLANG_WARN_DOCUMENTATION_COMMENTS = YES;
				CLANG_WARN_EMPTY_BODY = YES;
				CLANG_WARN_ENUM_CONVERSION = YES;
				CLANG_WARN_INFINITE_RECURSION = YES;
				CLANG_WARN_INT_CONVERSION = YES;
				CLANG_WARN_NON_LITERAL_NULL_CONVERSION = YES;
				CLANG_WARN_OBJC_IMPLICIT_RETAIN_SELF = YES;
				CLANG_WARN_OBJC_LITERAL_CONVERSION = YES;
				CLANG_WARN_OBJC_ROOT_CLASS = YES_ERROR;
				CLANG_WARN_QUOTED_INCLUDE_IN_FRAMEWORK_HEADER = YES;
				CLANG_WARN_RANGE_LOOP_ANALYSIS = YES;
				CLANG_WARN_STRICT_PROTOTYPES = YES;
				CLANG_WARN_SUSPICIOUS_MOVE = YES;
				CLANG_WARN_UNGUARDED_AVAILABILITY = YES_AGGRESSIVE;
				CLANG_WARN_UNREACHABLE_CODE = YES;
				CLANG_WARN__DUPLICATE_METHOD_MATCH = YES;
				COPY_PHASE_STRIP = NO;
				DEBUG_INFORMATION_FORMAT = "dwarf-with-dsym";
				ENABLE_NS_ASSERTIONS = NO;
				ENABLE_STRICT_OBJC_MSGSEND = YES;
				GCC_C_LANGUAGE_STANDARD = gnu11;
				GCC_NO_COMMON_BLOCKS = YES;
				GCC_WARN_64_TO_32_BIT_CONVERSION = YES;
				GCC_WARN_ABOUT_RETURN_TYPE = YES_ERROR;
				GCC_WARN_UNDECLARED_SELECTOR = YES;
				GCC_WARN_UNINITIALIZED_AUTOS = YES_AGGRESSIVE;
				GCC_WARN_UNUSED_FUNCTION = YES;
				GCC_WARN_UNUSED_VARIABLE = YES;
				IPHONEOS_DEPLOYMENT_TARGET = 16.4;
				MTL_ENABLE_DEBUG_INFO = NO;
				MTL_FAST_MATH = YES;
				SDKROOT = iphoneos;
				SWIFT_COMPILATION_MODE = wholemodule;
				SWIFT_OPTIMIZATION_LEVEL = "-O";
				VALIDATE_PRODUCT = YES;
			};
			name = Release;
		};
		BD2E4CB22A44856400148ACE /* Debug */ = {
			isa = XCBuildConfiguration;
			buildSettings = {
				ASSETCATALOG_COMPILER_APPICON_NAME = AppIcon;
				ASSETCATALOG_COMPILER_GLOBAL_ACCENT_COLOR_NAME = AccentColor;
				CODE_SIGN_STYLE = Automatic;
				CURRENT_PROJECT_VERSION = 1;
				DEVELOPMENT_ASSET_PATHS = "\"projectOne/Preview Content\"";
				ENABLE_PREVIEWS = YES;
				GENERATE_INFOPLIST_FILE = YES;
				INFOPLIST_KEY_UIApplicationSceneManifest_Generation = YES;
				INFOPLIST_KEY_UIApplicationSupportsIndirectInputEvents = YES;
				INFOPLIST_KEY_UILaunchScreen_Generation = YES;
				INFOPLIST_KEY_UISupportedInterfaceOrientations_iPad = "UIInterfaceOrientationPortrait UIInterfaceOrientationPortraitUpsideDown UIInterfaceOrientationLandscapeLeft UIInterfaceOrientationLandscapeRight";
				INFOPLIST_KEY_UISupportedInterfaceOrientations_iPhone = "UIInterfaceOrientationPortrait UIInterfaceOrientationLandscapeLeft UIInterfaceOrientationLandscapeRight";
				LD_RUNPATH_SEARCH_PATHS = (
					"$(inherited)",
					"@executable_path/Frameworks",
				);
				MARKETING_VERSION = 1.0;
				PRODUCT_BUNDLE_IDENTIFIER = KWK.projectOne;
				PRODUCT_NAME = "$(TARGET_NAME)";
				SWIFT_EMIT_LOC_STRINGS = YES;
				SWIFT_VERSION = 5.0;
				TARGETED_DEVICE_FAMILY = "1,2";
			};
			name = Debug;
		};
		BD2E4CB32A44856400148ACE /* Release */ = {
			isa = XCBuildConfiguration;
			buildSettings = {
				ASSETCATALOG_COMPILER_APPICON_NAME = AppIcon;
				ASSETCATALOG_COMPILER_GLOBAL_ACCENT_COLOR_NAME = AccentColor;
				CODE_SIGN_STYLE = Automatic;
				CURRENT_PROJECT_VERSION = 1;
				DEVELOPMENT_ASSET_PATHS = "\"projectOne/Preview Content\"";
				ENABLE_PREVIEWS = YES;
				GENERATE_INFOPLIST_FILE = YES;
				INFOPLIST_KEY_UIApplicationSceneManifest_Generation = YES;
				INFOPLIST_KEY_UIApplicationSupportsIndirectInputEvents = YES;
				INFOPLIST_KEY_UILaunchScreen_Generation = YES;
				INFOPLIST_KEY_UISupportedInterfaceOrientations_iPad = "UIInterfaceOrientationPortrait UIInterfaceOrientationPortraitUpsideDown UIInterfaceOrientationLandscapeLeft UIInterfaceOrientationLandscapeRight";
				INFOPLIST_KEY_UISupportedInterfaceOrientations_iPhone = "UIInterfaceOrientationPortrait UIInterfaceOrientationLandscapeLeft UIInterfaceOrientationLandscapeRight";
				LD_RUNPATH_SEARCH_PATHS = (
					"$(inherited)",
					"@executable_path/Frameworks",
				);
				MARKETING_VERSION = 1.0;
				PRODUCT_BUNDLE_IDENTIFIER = KWK.projectOne;
				PRODUCT_NAME = "$(TARGET_NAME)";
				SWIFT_EMIT_LOC_STRINGS = YES;
				SWIFT_VERSION = 5.0;
				TARGETED_DEVICE_FAMILY = "1,2";
			};
			name = Release;
		};
		BD2E4CB52A44856400148ACE /* Debug */ = {
			isa = XCBuildConfiguration;
			buildSettings = {
				ALWAYS_EMBED_SWIFT_STANDARD_LIBRARIES = YES;
				BUNDLE_LOADER = "$(TEST_HOST)";
				CODE_SIGN_STYLE = Automatic;
				CURRENT_PROJECT_VERSION = 1;
				GENERATE_INFOPLIST_FILE = YES;
				IPHONEOS_DEPLOYMENT_TARGET = 16.4;
				MARKETING_VERSION = 1.0;
				PRODUCT_BUNDLE_IDENTIFIER = KWK.projectOneTests;
				PRODUCT_NAME = "$(TARGET_NAME)";
				SWIFT_EMIT_LOC_STRINGS = NO;
				SWIFT_VERSION = 5.0;
				TARGETED_DEVICE_FAMILY = "1,2";
				TEST_HOST = "$(BUILT_PRODUCTS_DIR)/projectOne.app/$(BUNDLE_EXECUTABLE_FOLDER_PATH)/projectOne";
			};
			name = Debug;
		};
		BD2E4CB62A44856400148ACE /* Release */ = {
			isa = XCBuildConfiguration;
			buildSettings = {
				ALWAYS_EMBED_SWIFT_STANDARD_LIBRARIES = YES;
				BUNDLE_LOADER = "$(TEST_HOST)";
				CODE_SIGN_STYLE = Automatic;
				CURRENT_PROJECT_VERSION = 1;
				GENERATE_INFOPLIST_FILE = YES;
				IPHONEOS_DEPLOYMENT_TARGET = 16.4;
				MARKETING_VERSION = 1.0;
				PRODUCT_BUNDLE_IDENTIFIER = KWK.projectOneTests;
				PRODUCT_NAME = "$(TARGET_NAME)";
				SWIFT_EMIT_LOC_STRINGS = NO;
				SWIFT_VERSION = 5.0;
				TARGETED_DEVICE_FAMILY = "1,2";
				TEST_HOST = "$(BUILT_PRODUCTS_DIR)/projectOne.app/$(BUNDLE_EXECUTABLE_FOLDER_PATH)/projectOne";
			};
			name = Release;
		};
		BD2E4CB82A44856400148ACE /* Debug */ = {
			isa = XCBuildConfiguration;
			buildSettings = {
				ALWAYS_EMBED_SWIFT_STANDARD_LIBRARIES = YES;
				CODE_SIGN_STYLE = Automatic;
				CURRENT_PROJECT_VERSION = 1;
				GENERATE_INFOPLIST_FILE = YES;
				MARKETING_VERSION = 1.0;
				PRODUCT_BUNDLE_IDENTIFIER = KWK.projectOneUITests;
				PRODUCT_NAME = "$(TARGET_NAME)";
				SWIFT_EMIT_LOC_STRINGS = NO;
				SWIFT_VERSION = 5.0;
				TARGETED_DEVICE_FAMILY = "1,2";
				TEST_TARGET_NAME = projectOne;
			};
			name = Debug;
		};
		BD2E4CB92A44856400148ACE /* Release */ = {
			isa = XCBuildConfiguration;
			buildSettings = {
				ALWAYS_EMBED_SWIFT_STANDARD_LIBRARIES = YES;
				CODE_SIGN_STYLE = Automatic;
				CURRENT_PROJECT_VERSION = 1;
				GENERATE_INFOPLIST_FILE = YES;
				MARKETING_VERSION = 1.0;
				PRODUCT_BUNDLE_IDENTIFIER = KWK.projectOneUITests;
				PRODUCT_NAME = "$(TARGET_NAME)";
				SWIFT_EMIT_LOC_STRINGS = NO;
				SWIFT_VERSION = 5.0;
				TARGETED_DEVICE_FAMILY = "1,2";
				TEST_TARGET_NAME = projectOne;
			};
			name = Release;
		};
/* End XCBuildConfiguration section */

/* Begin XCConfigurationList section */
		BD2E4C882A44856300148ACE /* Build configuration list for PBXProject "projectOne" */ = {
			isa = XCConfigurationList;
			buildConfigurations = (
				BD2E4CAF2A44856400148ACE /* Debug */,
				BD2E4CB02A44856400148ACE /* Release */,
			);
			defaultConfigurationIsVisible = 0;
			defaultConfigurationName = Release;
		};
		BD2E4CB12A44856400148ACE /* Build configuration list for PBXNativeTarget "projectOne" */ = {
			isa = XCConfigurationList;
			buildConfigurations = (
				BD2E4CB22A44856400148ACE /* Debug */,
				BD2E4CB32A44856400148ACE /* Release */,
			);
			defaultConfigurationIsVisible = 0;
			defaultConfigurationName = Release;
		};
		BD2E4CB42A44856400148ACE /* Build configuration list for PBXNativeTarget "projectOneTests" */ = {
			isa = XCConfigurationList;
			buildConfigurations = (
				BD2E4CB52A44856400148ACE /* Debug */,
				BD2E4CB62A44856400148ACE /* Release */,
			);
			defaultConfigurationIsVisible = 0;
			defaultConfigurationName = Release;
		};
		BD2E4CB72A44856400148ACE /* Build configuration list for PBXNativeTarget "projectOneUITests" */ = {
			isa = XCConfigurationList;
			buildConfigurations = (
				BD2E4CB82A44856400148ACE /* Debug */,
				BD2E4CB92A44856400148ACE /* Release */,
			);
			defaultConfigurationIsVisible = 0;
			defaultConfigurationName = Release;
		};
/* End XCConfigurationList section */
	};
	rootObject = BD2E4C852A44856300148ACE /* Project object */;
}
